
Microsoft Visual Studio Solution File, Format Version 12.00
Project("{FAE04EC0-301F-11D3-BF4B-00C04F79EFBC}") = "BookingAppAPI", "BookingAppAPI\BookingAppAPI.csproj", "{17EC0FE1-FD89-42E0-8BF3-4C640B051188}"
EndProject
Project("{FAE04EC0-301F-11D3-BF4B-00C04F79EFBC}") = "DTO", "DTO\DTO.csproj", "{F573A36D-1819-4478-BC07-10DF82C5A18C}"
EndProject
Project("{FAE04EC0-301F-11D3-BF4B-00C04F79EFBC}") = "Data", "Data\Data.csproj", "{A2DE4B14-4A87-4BE2-879F-A4AB1AA4BD74}"
EndProject
Project("{FAE04EC0-301F-11D3-BF4B-00C04F79EFBC}") = "Repository", "Repository\Repository.csproj", "{7D778A3A-6573-4898-8B4C-8840811D7BBF}"
	ProjectSection(ProjectDependencies) = postProject
		{39EB2994-DFFD-4D83-91DA-AE54D803DF77} = {39EB2994-DFFD-4D83-91DA-AE54D803DF77}
		{F573A36D-1819-4478-BC07-10DF82C5A18C} = {F573A36D-1819-4478-BC07-10DF82C5A18C}
		{A2DE4B14-4A87-4BE2-879F-A4AB1AA4BD74} = {A2DE4B14-4A87-4BE2-879F-A4AB1AA4BD74}
		{17EC0FE1-FD89-42E0-8BF3-4C640B051188} = {17EC0FE1-FD89-42E0-8BF3-4C640B051188}
	EndProjectSection
EndProject
Project("{FAE04EC0-301F-11D3-BF4B-00C04F79EFBC}") = "Service", "Service\Service.csproj", "{39EB2994-DFFD-4D83-91DA-AE54D803DF77}"
EndProject
Global
	GlobalSection(SolutionConfigurationPlatforms) = preSolution
		Debug|Any CPU = Debug|Any CPU
		Release|Any CPU = Release|Any CPU
	EndGlobalSection
	GlobalSection(ProjectConfigurationPlatforms) = postSolution
		{17EC0FE1-FD89-42E0-8BF3-4C640B051188}.Debug|Any CPU.ActiveCfg = Debug|Any CPU
		{17EC0FE1-FD89-42E0-8BF3-4C640B051188}.Debug|Any CPU.Build.0 = Debug|Any CPU
		{17EC0FE1-FD89-42E0-8BF3-4C640B051188}.Release|Any CPU.ActiveCfg = Release|Any CPU
		{17EC0FE1-FD89-42E0-8BF3-4C640B051188}.Release|Any CPU.Build.0 = Release|Any CPU
		{F573A36D-1819-4478-BC07-10DF82C5A18C}.Debug|Any CPU.ActiveCfg = Debug|Any CPU
		{F573A36D-1819-4478-BC07-10DF82C5A18C}.Debug|Any CPU.Build.0 = Debug|Any CPU
		{F573A36D-1819-4478-BC07-10DF82C5A18C}.Release|Any CPU.ActiveCfg = Release|Any CPU
		{F573A36D-1819-4478-BC07-10DF82C5A18C}.Release|Any CPU.Build.0 = Release|Any CPU
		{A2DE4B14-4A87-4BE2-879F-A4AB1AA4BD74}.Debug|Any CPU.ActiveCfg = Debug|Any CPU
		{A2DE4B14-4A87-4BE2-879F-A4AB1AA4BD74}.Debug|Any CPU.Build.0 = Debug|Any CPU
		{A2DE4B14-4A87-4BE2-879F-A4AB1AA4BD74}.Release|Any CPU.ActiveCfg = Release|Any CPU
		{A2DE4B14-4A87-4BE2-879F-A4AB1AA4BD74}.Release|Any CPU.Build.0 = Release|Any CPU
		{7D778A3A-6573-4898-8B4C-8840811D7BBF}.Debug|Any CPU.ActiveCfg = Debug|Any CPU
		{7D778A3A-6573-4898-8B4C-8840811D7BBF}.Debug|Any CPU.Build.0 = Debug|Any CPU
		{7D778A3A-6573-4898-8B4C-8840811D7BBF}.Release|Any CPU.ActiveCfg = Release|Any CPU
		{7D778A3A-6573-4898-8B4C-8840811D7BBF}.Release|Any CPU.Build.0 = Release|Any CPU
		{39EB2994-DFFD-4D83-91DA-AE54D803DF77}.Debug|Any CPU.ActiveCfg = Debug|Any CPU
		{39EB2994-DFFD-4D83-91DA-AE54D803DF77}.Debug|Any CPU.Build.0 = Debug|Any CPU
		{39EB2994-DFFD-4D83-91DA-AE54D803DF77}.Release|Any CPU.ActiveCfg = Release|Any CPU
		{39EB2994-DFFD-4D83-91DA-AE54D803DF77}.Release|Any CPU.Build.0 = Release|Any CPU
	EndGlobalSection
EndGlobal
